// !$*UTF8*$!
{
	archiveVersion = 1;
	classes = {
	};
	objectVersion = 48;
	objects = {

/* Begin PBXBuildFile section */
		272C43591F5C6BF500212F71 /* AppDelegate.swift in Sources */ = {isa = PBXBuildFile; fileRef = 272C43581F5C6BF500212F71 /* AppDelegate.swift */; };
		272C435B1F5C6BF500212F71 /* ViewController.swift in Sources */ = {isa = PBXBuildFile; fileRef = 272C435A1F5C6BF500212F71 /* ViewController.swift */; };
		272C435E1F5C6BF500212F71 /* Main.storyboard in Resources */ = {isa = PBXBuildFile; fileRef = 272C435C1F5C6BF500212F71 /* Main.storyboard */; };
		272C43601F5C6BF500212F71 /* Assets.xcassets in Resources */ = {isa = PBXBuildFile; fileRef = 272C435F1F5C6BF500212F71 /* Assets.xcassets */; };
		272C43631F5C6BF500212F71 /* LaunchScreen.storyboard in Resources */ = {isa = PBXBuildFile; fileRef = 272C43611F5C6BF500212F71 /* LaunchScreen.storyboard */; };
/* End PBXBuildFile section */

/* Begin PBXContainerItemProxy section */
		275D8C441F5C6C1A00D1AD14 /* PBXContainerItemProxy */ = {
			isa = PBXContainerItemProxy;
			containerPortal = 275D8C371F5C6C1400D1AD14 /* HTTPClient.xcodeproj */;
			proxyType = 2;
			remoteGlobalIDString = 2725C7FA1F49F86400AAD0CD;
			remoteInfo = HTTPClient;
		};
		275D8C461F5C6C1A00D1AD14 /* PBXContainerItemProxy */ = {
			isa = PBXContainerItemProxy;
			containerPortal = 275D8C371F5C6C1400D1AD14 /* HTTPClient.xcodeproj */;
			proxyType = 2;
			remoteGlobalIDString = 2725C8031F49F86400AAD0CD;
			remoteInfo = HTTPClientTests;
		};
		279B29C71F5C6C52002C2D67 /* PBXContainerItemProxy */ = {
			isa = PBXContainerItemProxy;
			containerPortal = 275D8C371F5C6C1400D1AD14 /* HTTPClient.xcodeproj */;
			proxyType = 1;
			remoteGlobalIDString = 2725C7F91F49F86400AAD0CD;
			remoteInfo = HTTPClient;
		};
/* End PBXContainerItemProxy section */

/* Begin PBXFileReference section */
		272C43551F5C6BF500212F71 /* DemoApp.app */ = {isa = PBXFileReference; explicitFileType = wrapper.application; includeInIndex = 0; path = DemoApp.app; sourceTree = BUILT_PRODUCTS_DIR; };
		272C43581F5C6BF500212F71 /* AppDelegate.swift */ = {isa = PBXFileReference; lastKnownFileType = sourcecode.swift; path = AppDelegate.swift; sourceTree = "<group>"; };
		272C435A1F5C6BF500212F71 /* ViewController.swift */ = {isa = PBXFileReference; lastKnownFileType = sourcecode.swift; path = ViewController.swift; sourceTree = "<group>"; };
		272C435D1F5C6BF500212F71 /* Base */ = {isa = PBXFileReference; lastKnownFileType = file.storyboard; name = Base; path = Base.lproj/Main.storyboard; sourceTree = "<group>"; };
		272C435F1F5C6BF500212F71 /* Assets.xcassets */ = {isa = PBXFileReference; lastKnownFileType = folder.assetcatalog; path = Assets.xcassets; sourceTree = "<group>"; };
		272C43621F5C6BF500212F71 /* Base */ = {isa = PBXFileReference; lastKnownFileType = file.storyboard; name = Base; path = Base.lproj/LaunchScreen.storyboard; sourceTree = "<group>"; };
		272C43641F5C6BF500212F71 /* Info.plist */ = {isa = PBXFileReference; lastKnownFileType = text.plist.xml; path = Info.plist; sourceTree = "<group>"; };
		275D8C371F5C6C1400D1AD14 /* HTTPClient.xcodeproj */ = {isa = PBXFileReference; lastKnownFileType = "wrapper.pb-project"; name = HTTPClient.xcodeproj; path = ../HTTPClient.xcodeproj; sourceTree = "<group>"; };
/* End PBXFileReference section */

/* Begin PBXFrameworksBuildPhase section */
		272C43521F5C6BF500212F71 /* Frameworks */ = {
			isa = PBXFrameworksBuildPhase;
			buildActionMask = 2147483647;
			files = (
			);
			runOnlyForDeploymentPostprocessing = 0;
		};
/* End PBXFrameworksBuildPhase section */

/* Begin PBXGroup section */
		272C434C1F5C6BF500212F71 = {
			isa = PBXGroup;
			children = (
				272C43571F5C6BF500212F71 /* DemoApp */,
				275D8C481F5C6C2A00D1AD14 /* Frameworks */,
				272C43561F5C6BF500212F71 /* Products */,
			);
			sourceTree = "<group>";
		};
		272C43561F5C6BF500212F71 /* Products */ = {
			isa = PBXGroup;
			children = (
				272C43551F5C6BF500212F71 /* DemoApp.app */,
			);
			name = Products;
			sourceTree = "<group>";
		};
		272C43571F5C6BF500212F71 /* DemoApp */ = {
			isa = PBXGroup;
			children = (
				272C43581F5C6BF500212F71 /* AppDelegate.swift */,
				272C435A1F5C6BF500212F71 /* ViewController.swift */,
				272C435C1F5C6BF500212F71 /* Main.storyboard */,
				272C435F1F5C6BF500212F71 /* Assets.xcassets */,
				272C43611F5C6BF500212F71 /* LaunchScreen.storyboard */,
				272C43641F5C6BF500212F71 /* Info.plist */,
			);
			path = DemoApp;
			sourceTree = "<group>";
		};
		275D8C401F5C6C1A00D1AD14 /* Products */ = {
			isa = PBXGroup;
			children = (
				275D8C451F5C6C1A00D1AD14 /* HTTPClient.framework */,
				275D8C471F5C6C1A00D1AD14 /* HTTPClientTests.xctest */,
			);
			name = Products;
			sourceTree = "<group>";
		};
		275D8C481F5C6C2A00D1AD14 /* Frameworks */ = {
			isa = PBXGroup;
			children = (
				275D8C371F5C6C1400D1AD14 /* HTTPClient.xcodeproj */,
			);
			name = Frameworks;
			sourceTree = "<group>";
		};
/* End PBXGroup section */

/* Begin PBXNativeTarget section */
		272C43541F5C6BF500212F71 /* DemoApp */ = {
			isa = PBXNativeTarget;
			buildConfigurationList = 272C43671F5C6BF500212F71 /* Build configuration list for PBXNativeTarget "DemoApp" */;
			buildPhases = (
				272C43511F5C6BF500212F71 /* Sources */,
				272C43521F5C6BF500212F71 /* Frameworks */,
				272C43531F5C6BF500212F71 /* Resources */,
			);
			buildRules = (
			);
			dependencies = (
				279B29C81F5C6C52002C2D67 /* PBXTargetDependency */,
			);
			name = DemoApp;
			productName = DemoApp;
			productReference = 272C43551F5C6BF500212F71 /* DemoApp.app */;
			productType = "com.apple.product-type.application";
		};
/* End PBXNativeTarget section */

/* Begin PBXProject section */
		272C434D1F5C6BF500212F71 /* Project object */ = {
			isa = PBXProject;
			attributes = {
				LastSwiftUpdateCheck = 0900;
				LastUpgradeCheck = 0900;
				ORGANIZATIONNAME = "William Mora";
				TargetAttributes = {
					272C43541F5C6BF500212F71 = {
						CreatedOnToolsVersion = 9.0;
						ProvisioningStyle = Automatic;
					};
				};
			};
			buildConfigurationList = 272C43501F5C6BF500212F71 /* Build configuration list for PBXProject "DemoApp" */;
			compatibilityVersion = "Xcode 8.0";
			developmentRegion = en;
			hasScannedForEncodings = 0;
			knownRegions = (
				en,
				Base,
			);
			mainGroup = 272C434C1F5C6BF500212F71;
			productRefGroup = 272C43561F5C6BF500212F71 /* Products */;
			projectDirPath = "";
			projectReferences = (
				{
					ProductGroup = 275D8C401F5C6C1A00D1AD14 /* Products */;
					ProjectRef = 275D8C371F5C6C1400D1AD14 /* HTTPClient.xcodeproj */;
				},
			);
			projectRoot = "";
			targets = (
				272C43541F5C6BF500212F71 /* DemoApp */,
			);
		};
/* End PBXProject section */

/* Begin PBXReferenceProxy section */
		275D8C451F5C6C1A00D1AD14 /* HTTPClient.framework */ = {
			isa = PBXReferenceProxy;
			fileType = wrapper.framework;
			path = HTTPClient.framework;
			remoteRef = 275D8C441F5C6C1A00D1AD14 /* PBXContainerItemProxy */;
			sourceTree = BUILT_PRODUCTS_DIR;
		};
		275D8C471F5C6C1A00D1AD14 /* HTTPClientTests.xctest */ = {
			isa = PBXReferenceProxy;
			fileType = wrapper.cfbundle;
			path = HTTPClientTests.xctest;
			remoteRef = 275D8C461F5C6C1A00D1AD14 /* PBXContainerItemProxy */;
			sourceTree = BUILT_PRODUCTS_DIR;
		};
/* End PBXReferenceProxy section */

/* Begin PBXResourcesBuildPhase section */
		272C43531F5C6BF500212F71 /* Resources */ = {
			isa = PBXResourcesBuildPhase;
			buildActionMask = 2147483647;
			files = (
				272C43631F5C6BF500212F71 /* LaunchScreen.storyboard in Resources */,
				272C43601F5C6BF500212F71 /* Assets.xcassets in Resources */,
				272C435E1F5C6BF500212F71 /* Main.storyboard in Resources */,
			);
			runOnlyForDeploymentPostprocessing = 0;
		};
/* End PBXResourcesBuildPhase section */

/* Begin PBXSourcesBuildPhase section */
		272C43511F5C6BF500212F71 /* Sources */ = {
			isa = PBXSourcesBuildPhase;
			buildActionMask = 2147483647;
			files = (
				272C435B1F5C6BF500212F71 /* ViewController.swift in Sources */,
				272C43591F5C6BF500212F71 /* AppDelegate.swift in Sources */,
			);
			runOnlyForDeploymentPostprocessing = 0;
		};
/* End PBXSourcesBuildPhase section */

/* Begin PBXTargetDependency section */
		279B29C81F5C6C52002C2D67 /* PBXTargetDependency */ = {
			isa = PBXTargetDependency;
			name = HTTPClient;
			targetProxy = 279B29C71F5C6C52002C2D67 /* PBXContainerItemProxy */;
		};
/* End PBXTargetDependency section */

/* Begin PBXVariantGroup section */
		272C435C1F5C6BF500212F71 /* Main.storyboard */ = {
			isa = PBXVariantGroup;
			children = (
				272C435D1F5C6BF500212F71 /* Base */,
			);
			name = Main.storyboard;
			sourceTree = "<group>";
		};
		272C43611F5C6BF500212F71 /* LaunchScreen.storyboard */ = {
			isa = PBXVariantGroup;
			children = (
				272C43621F5C6BF500212F71 /* Base */,
			);
			name = LaunchScreen.storyboard;
			sourceTree = "<group>";
		};
/* End PBXVariantGroup section */

/* Begin XCBuildConfiguration section */
		272C43651F5C6BF500212F71 /* Debug */ = {
			isa = XCBuildConfiguration;
			buildSettings = {
				ALWAYS_SEARCH_USER_PATHS = NO;
				CLANG_ANALYZER_NONNULL = YES;
				CLANG_ANALYZER_NUMBER_OBJECT_CONVERSION = YES_AGGRESSIVE;
				CLANG_CXX_LANGUAGE_STANDARD = "gnu++14";
				CLANG_CXX_LIBRARY = "libc++";
				CLANG_ENABLE_MODULES = YES;
				CLANG_ENABLE_OBJC_ARC = YES;
				CLANG_WARN_BLOCK_CAPTURE_AUTORELEASING = YES;
				CLANG_WARN_BOOL_CONVERSION = YES;
				CLANG_WARN_COMMA = YES;
				CLANG_WARN_CONSTANT_CONVERSION = YES;
				CLANG_WARN_DIRECT_OBJC_ISA_USAGE = YES_ERROR;
				CLANG_WARN_DOCUMENTATION_COMMENTS = YES;
				CLANG_WARN_EMPTY_BODY = YES;
				CLANG_WARN_ENUM_CONVERSION = YES;
				CLANG_WARN_INFINITE_RECURSION = YES;
				CLANG_WARN_INT_CONVERSION = YES;
				CLANG_WARN_NON_LITERAL_NULL_CONVERSION = YES;
				CLANG_WARN_OBJC_LITERAL_CONVERSION = YES;
				CLANG_WARN_OBJC_ROOT_CLASS = YES_ERROR;
				CLANG_WARN_RANGE_LOOP_ANALYSIS = YES;
				CLANG_WARN_STRICT_PROTOTYPES = YES;
				CLANG_WARN_SUSPICIOUS_MOVE = YES;
				CLANG_WARN_UNGUARDED_AVAILABILITY = YES_AGGRESSIVE;
				CLANG_WARN_UNREACHABLE_CODE = YES;
				CLANG_WARN__DUPLICATE_METHOD_MATCH = YES;
				CODE_SIGN_IDENTITY = "iPhone Developer";
				COPY_PHASE_STRIP = NO;
				DEBUG_INFORMATION_FORMAT = dwarf;
				ENABLE_STRICT_OBJC_MSGSEND = YES;
				ENABLE_TESTABILITY = YES;
				GCC_C_LANGUAGE_STANDARD = gnu11;
				GCC_DYNAMIC_NO_PIC = NO;
				GCC_NO_COMMON_BLOCKS = YES;
				GCC_OPTIMIZATION_LEVEL = 0;
				GCC_PREPROCESSOR_DEFINITIONS = (
					"DEBUG=1",
					"$(inherited)",
				);
				GCC_WARN_64_TO_32_BIT_CONVERSION = YES;
				GCC_WARN_ABOUT_RETURN_TYPE = YES_ERROR;
				GCC_WARN_UNDECLARED_SELECTOR = YES;
				GCC_WARN_UNINITIALIZED_AUTOS = YES_AGGRESSIVE;
				GCC_WARN_UNUSED_FUNCTION = YES;
				GCC_WARN_UNUSED_VARIABLE = YES;
				IPHONEOS_DEPLOYMENT_TARGET = 11.0;
				MTL_ENABLE_DEBUG_INFO = YES;
				ONLY_ACTIVE_ARCH = YES;
				SDKROOT = iphoneos;
				SWIFT_ACTIVE_COMPILATION_CONDITIONS = DEBUG;
				SWIFT_OPTIMIZATION_LEVEL = "-Onone";
			};
			name = Debug;
		};
		272C43661F5C6BF500212F71 /* Release */ = {
			isa = XCBuildConfiguration;
			buildSettings = {
				ALWAYS_SEARCH_USER_PATHS = NO;
				CLANG_ANALYZER_NONNULL = YES;
				CLANG_ANALYZER_NUMBER_OBJECT_CONVERSION = YES_AGGRESSIVE;
				CLANG_CXX_LANGUAGE_STANDARD = "gnu++14";
				CLANG_CXX_LIBRARY = "libc++";
				CLANG_ENABLE_MODULES = YES;
				CLANG_ENABLE_OBJC_ARC = YES;
				CLANG_WARN_BLOCK_CAPTURE_AUTORELEASING = YES;
				CLANG_WARN_BOOL_CONVERSION = YES;
				CLANG_WARN_COMMA = YES;
				CLANG_WARN_CONSTANT_CONVERSION = YES;
				CLANG_WARN_DIRECT_OBJC_ISA_USAGE = YES_ERROR;
				CLANG_WARN_DOCUMENTATION_COMMENTS = YES;
				CLANG_WARN_EMPTY_BODY = YES;
				CLANG_WARN_ENUM_CONVERSION = YES;
				CLANG_WARN_INFINITE_RECURSION = YES;
				CLANG_WARN_INT_CONVERSION = YES;
				CLANG_WARN_NON_LITERAL_NULL_CONVERSION = YES;
				CLANG_WARN_OBJC_LITERAL_CONVERSION = YES;
				CLANG_WARN_OBJC_ROOT_CLASS = YES_ERROR;
				CLANG_WARN_RANGE_LOOP_ANALYSIS = YES;
				CLANG_WARN_STRICT_PROTOTYPES = YES;
				CLANG_WARN_SUSPICIOUS_MOVE = YES;
				CLANG_WARN_UNGUARDED_AVAILABILITY = YES_AGGRESSIVE;
				CLANG_WARN_UNREACHABLE_CODE = YES;
				CLANG_WARN__DUPLICATE_METHOD_MATCH = YES;
				CODE_SIGN_IDENTITY = "iPhone Developer";
				COPY_PHASE_STRIP = NO;
				DEBUG_INFORMATION_FORMAT = "dwarf-with-dsym";
				ENABLE_NS_ASSERTIONS = NO;
				ENABLE_STRICT_OBJC_MSGSEND = YES;
				GCC_C_LANGUAGE_STANDARD = gnu11;
				GCC_NO_COMMON_BLOCKS = YES;
				GCC_WARN_64_TO_32_BIT_CONVERSION = YES;
				GCC_WARN_ABOUT_RETURN_TYPE = YES_ERROR;
				GCC_WARN_UNDECLARED_SELECTOR = YES;
				GCC_WARN_UNINITIALIZED_AUTOS = YES_AGGRESSIVE;
				GCC_WARN_UNUSED_FUNCTION = YES;
				GCC_WARN_UNUSED_VARIABLE = YES;
				IPHONEOS_DEPLOYMENT_TARGET = 11.0;
				MTL_ENABLE_DEBUG_INFO = NO;
				SDKROOT = iphoneos;
				SWIFT_OPTIMIZATION_LEVEL = "-Owholemodule";
				VALIDATE_PRODUCT = YES;
			};
			name = Release;
		};
		272C43681F5C6BF500212F71 /* Debug */ = {
			isa = XCBuildConfiguration;
			buildSettings = {
				ASSETCATALOG_COMPILER_APPICON_NAME = AppIcon;
				CODE_SIGN_STYLE = Automatic;
				INFOPLIST_FILE = DemoApp/Info.plist;
				LD_RUNPATH_SEARCH_PATHS = "$(inherited) @executable_path/Frameworks";
				PRODUCT_BUNDLE_IDENTIFIER = com.wmora.DemoApp;
				PRODUCT_NAME = "$(TARGET_NAME)";
				SWIFT_VERSION = 4.0;
				TARGETED_DEVICE_FAMILY = "1,2";
			};
			name = Debug;
		};
		272C43691F5C6BF500212F71 /* Release */ = {
			isa = XCBuildConfiguration;
			buildSettings = {
				ASSETCATALOG_COMPILER_APPICON_NAME = AppIcon;
				CODE_SIGN_STYLE = Automatic;
				INFOPLIST_FILE = DemoApp/Info.plist;
				LD_RUNPATH_SEARCH_PATHS = "$(inherited) @executable_path/Frameworks";
				PRODUCT_BUNDLE_IDENTIFIER = com.wmora.DemoApp;
				PRODUCT_NAME = "$(TARGET_NAME)";
				SWIFT_VERSION = 4.0;
				TARGETED_DEVICE_FAMILY = "1,2";
			};
			name = Release;
		};
/* End XCBuildConfiguration section */

/* Begin XCConfigurationList section */
		272C43501F5C6BF500212F71 /* Build configuration list for PBXProject "DemoApp" */ = {
			isa = XCConfigurationList;
			buildConfigurations = (
				272C43651F5C6BF500212F71 /* Debug */,
				272C43661F5C6BF500212F71 /* Release */,
			);
			defaultConfigurationIsVisible = 0;
			defaultConfigurationName = Release;
		};
		272C43671F5C6BF500212F71 /* Build configuration list for PBXNativeTarget "DemoApp" */ = {
			isa = XCConfigurationList;
			buildConfigurations = (
				272C43681F5C6BF500212F71 /* Debug */,
				272C43691F5C6BF500212F71 /* Release */,
			);
			defaultConfigurationIsVisible = 0;
			defaultConfigurationName = Release;
		};
/* End XCConfigurationList section */
	};
	rootObject = 272C434D1F5C6BF500212F71 /* Project object */;
}
